
Microsoft Visual Studio Solution File, Format Version 12.00
# Visual Studio Version 17
VisualStudioVersion = 17.7.34024.191
MinimumVisualStudioVersion = 10.0.40219.1
Project("{FAE04EC0-301F-11D3-BF4B-00C04F79EFBC}") = "ConsoleApp11", "ConsoleApp11\ConsoleApp11.csproj", "{A9487964-BFC3-4733-8D8A-A105C2ECE724}"
EndProject
Global
	GlobalSection(SolutionConfigurationPlatforms) = preSolution
		Debug|Any CPU = Debug|Any CPU
		Release|Any CPU = Release|Any CPU
	EndGlobalSection
	GlobalSection(ProjectConfigurationPlatforms) = postSolution
		{A9487964-BFC3-4733-8D8A-A105C2ECE724}.Debug|Any CPU.ActiveCfg = Debug|Any CPU
		{A9487964-BFC3-4733-8D8A-A105C2ECE724}.Debug|Any CPU.Build.0 = Debug|Any CPU
		{A9487964-BFC3-4733-8D8A-A105C2ECE724}.Release|Any CPU.ActiveCfg = Release|Any CPU
		{A9487964-BFC3-4733-8D8A-A105C2ECE724}.Release|Any CPU.Build.0 = Release|Any CPU
	EndGlobalSection
	GlobalSection(SolutionProperties) = preSolution
		HideSolutionNode = FALSE
	EndGlobalSection
	GlobalSection(ExtensibilityGlobals) = postSolution
		SolutionGuid = {3F848FAE-0E28-4BAB-8C4A-C37D02A4142A}
	EndGlobalSection
EndGlobal
